
Microsoft Visual Studio Solution File, Format Version 12.00
# Visual Studio 2012
Project("{FAE04EC0-301F-11D3-BF4B-00C04F79EFBC}") = "Lib - Client", "FossLock.Client\Lib - Client.csproj", "{174EBCA3-5D67-4675-BE08-4C49C210716E}"
EndProject
Project("{FAE04EC0-301F-11D3-BF4B-00C04F79EFBC}") = "Lib -HardwareFingerprint", "FossLock.HardwareFingerprint\Lib -HardwareFingerprint.csproj", "{51306562-B699-4DD2-ABB6-F2A122E77F6D}"
EndProject
Project("{FAE04EC0-301F-11D3-BF4B-00C04F79EFBC}") = "Lib - LicenseHandler", "FossLock.LicenseHandler\Lib - LicenseHandler.csproj", "{74CD4824-1B49-46A8-B2EC-D36ABB46B240}"
EndProject
Project("{FAE04EC0-301F-11D3-BF4B-00C04F79EFBC}") = "Lib - Core", "FossLock.Core\Lib - Core.csproj", "{FC4A93E1-337C-45E0-9E62-DA00BB95845F}"
EndProject
Project("{FAE04EC0-301F-11D3-BF4B-00C04F79EFBC}") = "Lib - Model", "FossLock.Model\Lib - Model.csproj", "{FCED1C46-7658-4F58-B5DF-D7881B768FC4}"
EndProject
Project("{FAE04EC0-301F-11D3-BF4B-00C04F79EFBC}") = "Web - License Manager", "FossLock.Web\Web - License Manager.csproj", "{D530C6BD-887B-4BED-837F-7DB07F9E8A6D}"
EndProject
Project("{FAE04EC0-301F-11D3-BF4B-00C04F79EFBC}") = "Lib - BLL", "FossLock.BLL\Lib - BLL.csproj", "{AFD60E24-49D9-458F-92DF-39BF72AC5F96}"
EndProject
Project("{FAE04EC0-301F-11D3-BF4B-00C04F79EFBC}") = "Lib - DAL", "FossLock.DAL\Lib - DAL.csproj", "{FEB9324E-28A1-4A4F-B8DD-6F686B695A69}"
EndProject
Project("{FAE04EC0-301F-11D3-BF4B-00C04F79EFBC}") = "Tests - BLL", "FossLock.Test.BLL\Tests - BLL.csproj", "{1A3EAE58-C8F0-4289-92D2-9955AD34027A}"
EndProject
Project("{2150E333-8FDC-42A3-9474-1A3956D46DE8}") = "Solution Items", "Solution Items", "{208D37F8-D768-4E20-916E-24E3BAAB4B1D}"
	ProjectSection(SolutionItems) = preProject
		ReadMe.md = ReadMe.md
	EndProjectSection
EndProject
Project("{FAE04EC0-301F-11D3-BF4B-00C04F79EFBC}") = "Tests - DAL", "FossLock.Test.DAL\Tests - DAL.csproj", "{A66AD3A9-EA75-411E-AFCD-6A3C9935A9DE}"
EndProject
Project("{2150E333-8FDC-42A3-9474-1A3956D46DE8}") = ".nuget", ".nuget", "{33AA8E49-FBF9-4CBA-82FD-BA44FE92FC97}"
	ProjectSection(SolutionItems) = preProject
		.nuget\packages.config = .nuget\packages.config
	EndProjectSection
EndProject
Project("{FAE04EC0-301F-11D3-BF4B-00C04F79EFBC}") = "Tests - Model", "FossLock.Test.Model\Tests - Model.csproj", "{EFC42EDC-0941-4968-9C4C-2A74ECDDD6FF}"
EndProject
Global
	GlobalSection(SolutionConfigurationPlatforms) = preSolution
		Debug|Any CPU = Debug|Any CPU
		Debug|Mixed Platforms = Debug|Mixed Platforms
		Debug|x86 = Debug|x86
		Release|Any CPU = Release|Any CPU
		Release|Mixed Platforms = Release|Mixed Platforms
		Release|x86 = Release|x86
	EndGlobalSection
	GlobalSection(ProjectConfigurationPlatforms) = postSolution
		{174EBCA3-5D67-4675-BE08-4C49C210716E}.Debug|Any CPU.ActiveCfg = Debug|Any CPU
		{174EBCA3-5D67-4675-BE08-4C49C210716E}.Debug|Any CPU.Build.0 = Debug|Any CPU
		{174EBCA3-5D67-4675-BE08-4C49C210716E}.Debug|Mixed Platforms.ActiveCfg = Debug|Any CPU
		{174EBCA3-5D67-4675-BE08-4C49C210716E}.Debug|Mixed Platforms.Build.0 = Debug|Any CPU
		{174EBCA3-5D67-4675-BE08-4C49C210716E}.Debug|x86.ActiveCfg = Debug|Any CPU
		{174EBCA3-5D67-4675-BE08-4C49C210716E}.Release|Any CPU.ActiveCfg = Release|Any CPU
		{174EBCA3-5D67-4675-BE08-4C49C210716E}.Release|Any CPU.Build.0 = Release|Any CPU
		{174EBCA3-5D67-4675-BE08-4C49C210716E}.Release|Mixed Platforms.ActiveCfg = Release|Any CPU
		{174EBCA3-5D67-4675-BE08-4C49C210716E}.Release|Mixed Platforms.Build.0 = Release|Any CPU
		{174EBCA3-5D67-4675-BE08-4C49C210716E}.Release|x86.ActiveCfg = Release|Any CPU
		{1A3EAE58-C8F0-4289-92D2-9955AD34027A}.Debug|Any CPU.ActiveCfg = Debug|Any CPU
		{1A3EAE58-C8F0-4289-92D2-9955AD34027A}.Debug|Any CPU.Build.0 = Debug|Any CPU
		{1A3EAE58-C8F0-4289-92D2-9955AD34027A}.Debug|Mixed Platforms.ActiveCfg = Debug|Any CPU
		{1A3EAE58-C8F0-4289-92D2-9955AD34027A}.Debug|Mixed Platforms.Build.0 = Debug|Any CPU
		{1A3EAE58-C8F0-4289-92D2-9955AD34027A}.Debug|x86.ActiveCfg = Debug|Any CPU
		{1A3EAE58-C8F0-4289-92D2-9955AD34027A}.Release|Any CPU.ActiveCfg = Release|Any CPU
		{1A3EAE58-C8F0-4289-92D2-9955AD34027A}.Release|Any CPU.Build.0 = Release|Any CPU
		{1A3EAE58-C8F0-4289-92D2-9955AD34027A}.Release|Mixed Platforms.ActiveCfg = Release|Any CPU
		{1A3EAE58-C8F0-4289-92D2-9955AD34027A}.Release|Mixed Platforms.Build.0 = Release|Any CPU
		{1A3EAE58-C8F0-4289-92D2-9955AD34027A}.Release|x86.ActiveCfg = Release|Any CPU
		{51306562-B699-4DD2-ABB6-F2A122E77F6D}.Debug|Any CPU.ActiveCfg = Debug|Any CPU
		{51306562-B699-4DD2-ABB6-F2A122E77F6D}.Debug|Any CPU.Build.0 = Debug|Any CPU
		{51306562-B699-4DD2-ABB6-F2A122E77F6D}.Debug|Mixed Platforms.ActiveCfg = Debug|Any CPU
		{51306562-B699-4DD2-ABB6-F2A122E77F6D}.Debug|Mixed Platforms.Build.0 = Debug|Any CPU
		{51306562-B699-4DD2-ABB6-F2A122E77F6D}.Debug|x86.ActiveCfg = Debug|Any CPU
		{51306562-B699-4DD2-ABB6-F2A122E77F6D}.Release|Any CPU.ActiveCfg = Release|Any CPU
		{51306562-B699-4DD2-ABB6-F2A122E77F6D}.Release|Any CPU.Build.0 = Release|Any CPU
		{51306562-B699-4DD2-ABB6-F2A122E77F6D}.Release|Mixed Platforms.ActiveCfg = Release|Any CPU
		{51306562-B699-4DD2-ABB6-F2A122E77F6D}.Release|Mixed Platforms.Build.0 = Release|Any CPU
		{51306562-B699-4DD2-ABB6-F2A122E77F6D}.Release|x86.ActiveCfg = Release|Any CPU
		{74CD4824-1B49-46A8-B2EC-D36ABB46B240}.Debug|Any CPU.ActiveCfg = Debug|Any CPU
		{74CD4824-1B49-46A8-B2EC-D36ABB46B240}.Debug|Any CPU.Build.0 = Debug|Any CPU
		{74CD4824-1B49-46A8-B2EC-D36ABB46B240}.Debug|Mixed Platforms.ActiveCfg = Debug|Any CPU
		{74CD4824-1B49-46A8-B2EC-D36ABB46B240}.Debug|Mixed Platforms.Build.0 = Debug|Any CPU
		{74CD4824-1B49-46A8-B2EC-D36ABB46B240}.Debug|x86.ActiveCfg = Debug|Any CPU
		{74CD4824-1B49-46A8-B2EC-D36ABB46B240}.Release|Any CPU.ActiveCfg = Release|Any CPU
		{74CD4824-1B49-46A8-B2EC-D36ABB46B240}.Release|Any CPU.Build.0 = Release|Any CPU
		{74CD4824-1B49-46A8-B2EC-D36ABB46B240}.Release|Mixed Platforms.ActiveCfg = Release|Any CPU
		{74CD4824-1B49-46A8-B2EC-D36ABB46B240}.Release|Mixed Platforms.Build.0 = Release|Any CPU
		{74CD4824-1B49-46A8-B2EC-D36ABB46B240}.Release|x86.ActiveCfg = Release|Any CPU
		{A66AD3A9-EA75-411E-AFCD-6A3C9935A9DE}.Debug|Any CPU.ActiveCfg = Debug|Any CPU
		{A66AD3A9-EA75-411E-AFCD-6A3C9935A9DE}.Debug|Any CPU.Build.0 = Debug|Any CPU
		{A66AD3A9-EA75-411E-AFCD-6A3C9935A9DE}.Debug|Mixed Platforms.ActiveCfg = Debug|Any CPU
		{A66AD3A9-EA75-411E-AFCD-6A3C9935A9DE}.Debug|Mixed Platforms.Build.0 = Debug|Any CPU
		{A66AD3A9-EA75-411E-AFCD-6A3C9935A9DE}.Debug|x86.ActiveCfg = Debug|Any CPU
		{A66AD3A9-EA75-411E-AFCD-6A3C9935A9DE}.Release|Any CPU.ActiveCfg = Release|Any CPU
		{A66AD3A9-EA75-411E-AFCD-6A3C9935A9DE}.Release|Any CPU.Build.0 = Release|Any CPU
		{A66AD3A9-EA75-411E-AFCD-6A3C9935A9DE}.Release|Mixed Platforms.ActiveCfg = Release|Any CPU
		{A66AD3A9-EA75-411E-AFCD-6A3C9935A9DE}.Release|Mixed Platforms.Build.0 = Release|Any CPU
		{A66AD3A9-EA75-411E-AFCD-6A3C9935A9DE}.Release|x86.ActiveCfg = Release|Any CPU
		{AFD60E24-49D9-458F-92DF-39BF72AC5F96}.Debug|Any CPU.ActiveCfg = Debug|Any CPU
		{AFD60E24-49D9-458F-92DF-39BF72AC5F96}.Debug|Any CPU.Build.0 = Debug|Any CPU
		{AFD60E24-49D9-458F-92DF-39BF72AC5F96}.Debug|Mixed Platforms.ActiveCfg = Debug|Any CPU
		{AFD60E24-49D9-458F-92DF-39BF72AC5F96}.Debug|Mixed Platforms.Build.0 = Debug|Any CPU
		{AFD60E24-49D9-458F-92DF-39BF72AC5F96}.Debug|x86.ActiveCfg = Debug|Any CPU
		{AFD60E24-49D9-458F-92DF-39BF72AC5F96}.Release|Any CPU.ActiveCfg = Release|Any CPU
		{AFD60E24-49D9-458F-92DF-39BF72AC5F96}.Release|Any CPU.Build.0 = Release|Any CPU
		{AFD60E24-49D9-458F-92DF-39BF72AC5F96}.Release|Mixed Platforms.ActiveCfg = Release|Any CPU
		{AFD60E24-49D9-458F-92DF-39BF72AC5F96}.Release|Mixed Platforms.Build.0 = Release|Any CPU
		{AFD60E24-49D9-458F-92DF-39BF72AC5F96}.Release|x86.ActiveCfg = Release|Any CPU
		{D530C6BD-887B-4BED-837F-7DB07F9E8A6D}.Debug|Any CPU.ActiveCfg = Debug|Any CPU
		{D530C6BD-887B-4BED-837F-7DB07F9E8A6D}.Debug|Any CPU.Build.0 = Debug|Any CPU
		{D530C6BD-887B-4BED-837F-7DB07F9E8A6D}.Debug|Mixed Platforms.ActiveCfg = Debug|Any CPU
		{D530C6BD-887B-4BED-837F-7DB07F9E8A6D}.Debug|Mixed Platforms.Build.0 = Debug|Any CPU
		{D530C6BD-887B-4BED-837F-7DB07F9E8A6D}.Debug|x86.ActiveCfg = Debug|Any CPU
		{D530C6BD-887B-4BED-837F-7DB07F9E8A6D}.Release|Any CPU.ActiveCfg = Release|Any CPU
		{D530C6BD-887B-4BED-837F-7DB07F9E8A6D}.Release|Any CPU.Build.0 = Release|Any CPU
		{D530C6BD-887B-4BED-837F-7DB07F9E8A6D}.Release|Mixed Platforms.ActiveCfg = Release|Any CPU
		{D530C6BD-887B-4BED-837F-7DB07F9E8A6D}.Release|Mixed Platforms.Build.0 = Release|Any CPU
		{D530C6BD-887B-4BED-837F-7DB07F9E8A6D}.Release|x86.ActiveCfg = Release|Any CPU
		{FC4A93E1-337C-45E0-9E62-DA00BB95845F}.Debug|Any CPU.ActiveCfg = Debug|x86
		{FC4A93E1-337C-45E0-9E62-DA00BB95845F}.Debug|Any CPU.Build.0 = Debug|x86
		{FC4A93E1-337C-45E0-9E62-DA00BB95845F}.Debug|Mixed Platforms.ActiveCfg = Debug|x86
		{FC4A93E1-337C-45E0-9E62-DA00BB95845F}.Debug|Mixed Platforms.Build.0 = Debug|x86
		{FC4A93E1-337C-45E0-9E62-DA00BB95845F}.Debug|x86.ActiveCfg = Debug|x86
		{FC4A93E1-337C-45E0-9E62-DA00BB95845F}.Debug|x86.Build.0 = Debug|x86
		{FC4A93E1-337C-45E0-9E62-DA00BB95845F}.Release|Any CPU.ActiveCfg = Release|x86
		{FC4A93E1-337C-45E0-9E62-DA00BB95845F}.Release|Any CPU.Build.0 = Release|x86
		{FC4A93E1-337C-45E0-9E62-DA00BB95845F}.Release|Mixed Platforms.ActiveCfg = Release|x86
		{FC4A93E1-337C-45E0-9E62-DA00BB95845F}.Release|Mixed Platforms.Build.0 = Release|x86
		{FC4A93E1-337C-45E0-9E62-DA00BB95845F}.Release|x86.ActiveCfg = Release|x86
		{FC4A93E1-337C-45E0-9E62-DA00BB95845F}.Release|x86.Build.0 = Release|x86
		{FCED1C46-7658-4F58-B5DF-D7881B768FC4}.Debug|Any CPU.ActiveCfg = Debug|Any CPU
		{FCED1C46-7658-4F58-B5DF-D7881B768FC4}.Debug|Any CPU.Build.0 = Debug|Any CPU
		{FCED1C46-7658-4F58-B5DF-D7881B768FC4}.Debug|Mixed Platforms.ActiveCfg = Debug|Any CPU
		{FCED1C46-7658-4F58-B5DF-D7881B768FC4}.Debug|Mixed Platforms.Build.0 = Debug|Any CPU
		{FCED1C46-7658-4F58-B5DF-D7881B768FC4}.Debug|x86.ActiveCfg = Debug|Any CPU
		{FCED1C46-7658-4F58-B5DF-D7881B768FC4}.Release|Any CPU.ActiveCfg = Release|Any CPU
		{FCED1C46-7658-4F58-B5DF-D7881B768FC4}.Release|Any CPU.Build.0 = Release|Any CPU
		{FCED1C46-7658-4F58-B5DF-D7881B768FC4}.Release|Mixed Platforms.ActiveCfg = Release|Any CPU
		{FCED1C46-7658-4F58-B5DF-D7881B768FC4}.Release|Mixed Platforms.Build.0 = Release|Any CPU
		{FCED1C46-7658-4F58-B5DF-D7881B768FC4}.Release|x86.ActiveCfg = Release|Any CPU
		{FEB9324E-28A1-4A4F-B8DD-6F686B695A69}.Debug|Any CPU.ActiveCfg = Debug|Any CPU
		{FEB9324E-28A1-4A4F-B8DD-6F686B695A69}.Debug|Any CPU.Build.0 = Debug|Any CPU
		{FEB9324E-28A1-4A4F-B8DD-6F686B695A69}.Debug|Mixed Platforms.ActiveCfg = Debug|Any CPU
		{FEB9324E-28A1-4A4F-B8DD-6F686B695A69}.Debug|Mixed Platforms.Build.0 = Debug|Any CPU
		{FEB9324E-28A1-4A4F-B8DD-6F686B695A69}.Debug|x86.ActiveCfg = Debug|Any CPU
		{FEB9324E-28A1-4A4F-B8DD-6F686B695A69}.Release|Any CPU.ActiveCfg = Release|Any CPU
		{FEB9324E-28A1-4A4F-B8DD-6F686B695A69}.Release|Any CPU.Build.0 = Release|Any CPU
		{FEB9324E-28A1-4A4F-B8DD-6F686B695A69}.Release|Mixed Platforms.ActiveCfg = Release|Any CPU
		{FEB9324E-28A1-4A4F-B8DD-6F686B695A69}.Release|Mixed Platforms.Build.0 = Release|Any CPU
		{FEB9324E-28A1-4A4F-B8DD-6F686B695A69}.Release|x86.ActiveCfg = Release|Any CPU
		{1A3EAE58-C8F0-4289-92D2-9955AD34027A}.Debug|Any CPU.ActiveCfg = Debug|Any CPU
		{1A3EAE58-C8F0-4289-92D2-9955AD34027A}.Debug|Any CPU.Build.0 = Debug|Any CPU
		{1A3EAE58-C8F0-4289-92D2-9955AD34027A}.Debug|Mixed Platforms.ActiveCfg = Debug|Any CPU
		{1A3EAE58-C8F0-4289-92D2-9955AD34027A}.Debug|Mixed Platforms.Build.0 = Debug|Any CPU
		{1A3EAE58-C8F0-4289-92D2-9955AD34027A}.Debug|x86.ActiveCfg = Debug|Any CPU
		{1A3EAE58-C8F0-4289-92D2-9955AD34027A}.Release|Any CPU.ActiveCfg = Release|Any CPU
		{1A3EAE58-C8F0-4289-92D2-9955AD34027A}.Release|Any CPU.Build.0 = Release|Any CPU
		{1A3EAE58-C8F0-4289-92D2-9955AD34027A}.Release|Mixed Platforms.ActiveCfg = Release|Any CPU
		{1A3EAE58-C8F0-4289-92D2-9955AD34027A}.Release|Mixed Platforms.Build.0 = Release|Any CPU
		{1A3EAE58-C8F0-4289-92D2-9955AD34027A}.Release|x86.ActiveCfg = Release|Any CPU
		{A66AD3A9-EA75-411E-AFCD-6A3C9935A9DE}.Debug|Any CPU.ActiveCfg = Debug|Any CPU
		{A66AD3A9-EA75-411E-AFCD-6A3C9935A9DE}.Debug|Any CPU.Build.0 = Debug|Any CPU
		{A66AD3A9-EA75-411E-AFCD-6A3C9935A9DE}.Debug|Mixed Platforms.ActiveCfg = Debug|Any CPU
		{A66AD3A9-EA75-411E-AFCD-6A3C9935A9DE}.Debug|Mixed Platforms.Build.0 = Debug|Any CPU
		{A66AD3A9-EA75-411E-AFCD-6A3C9935A9DE}.Debug|x86.ActiveCfg = Debug|Any CPU
		{A66AD3A9-EA75-411E-AFCD-6A3C9935A9DE}.Release|Any CPU.ActiveCfg = Release|Any CPU
		{A66AD3A9-EA75-411E-AFCD-6A3C9935A9DE}.Release|Any CPU.Build.0 = Release|Any CPU
		{A66AD3A9-EA75-411E-AFCD-6A3C9935A9DE}.Release|Mixed Platforms.ActiveCfg = Release|Any CPU
		{A66AD3A9-EA75-411E-AFCD-6A3C9935A9DE}.Release|Mixed Platforms.Build.0 = Release|Any CPU
		{A66AD3A9-EA75-411E-AFCD-6A3C9935A9DE}.Release|x86.ActiveCfg = Release|Any CPU
		{EFC42EDC-0941-4968-9C4C-2A74ECDDD6FF}.Debug|Any CPU.ActiveCfg = Debug|Any CPU
		{EFC42EDC-0941-4968-9C4C-2A74ECDDD6FF}.Debug|Any CPU.Build.0 = Debug|Any CPU
		{EFC42EDC-0941-4968-9C4C-2A74ECDDD6FF}.Debug|Mixed Platforms.ActiveCfg = Debug|Any CPU
		{EFC42EDC-0941-4968-9C4C-2A74ECDDD6FF}.Debug|Mixed Platforms.Build.0 = Debug|Any CPU
		{EFC42EDC-0941-4968-9C4C-2A74ECDDD6FF}.Debug|x86.ActiveCfg = Debug|Any CPU
		{EFC42EDC-0941-4968-9C4C-2A74ECDDD6FF}.Release|Any CPU.ActiveCfg = Release|Any CPU
		{EFC42EDC-0941-4968-9C4C-2A74ECDDD6FF}.Release|Any CPU.Build.0 = Release|Any CPU
		{EFC42EDC-0941-4968-9C4C-2A74ECDDD6FF}.Release|Mixed Platforms.ActiveCfg = Release|Any CPU
		{EFC42EDC-0941-4968-9C4C-2A74ECDDD6FF}.Release|Mixed Platforms.Build.0 = Release|Any CPU
		{EFC42EDC-0941-4968-9C4C-2A74ECDDD6FF}.Release|x86.ActiveCfg = Release|Any CPU
	EndGlobalSection
	GlobalSection(NestedProjects) = preSolution
	EndGlobalSection
	GlobalSection(MonoDevelopProperties) = preSolution
		StartupItem = FossLock.Web\Web - License Manager.csproj
		Policies = $0
		$0.DotNetNamingPolicy = $1
		$1.DirectoryNamespaceAssociation = None
		$1.ResourceNamePolicy = FileFormatDefault
		$0.TextStylePolicy = $2
		$2.inheritsSet = null
		$2.scope = text/x-csharp
		$0.CSharpFormattingPolicy = $3
		$3.IndentSwitchBody = True
		$3.AnonymousMethodBraceStyle = NextLine
		$3.PropertyBraceStyle = NextLine
		$3.PropertyGetBraceStyle = NextLine
		$3.PropertySetBraceStyle = NextLine
		$3.EventBraceStyle = NextLine
		$3.EventAddBraceStyle = NextLine
		$3.EventRemoveBraceStyle = NextLine
		$3.StatementBraceStyle = NextLine
		$3.inheritsSet = Mono
		$3.inheritsScope = text/x-csharp
		$3.scope = text/x-csharp
		$0.VersionControlPolicy = $4
		$4.inheritsSet = Mono
		$0.ChangeLogPolicy = $5
		$5.inheritsSet = Mono
	EndGlobalSection
	GlobalSection(SolutionProperties) = preSolution
		HideSolutionNode = FALSE
	EndGlobalSection
EndGlobal
