
Microsoft Visual Studio Solution File, Format Version 12.00
# Visual Studio 2012
Project("{FAE04EC0-301F-11D3-BF4B-00C04F79EFBC}") = "FossLock.Client", "FossLock.Client\FossLock.Client.csproj", "{174EBCA3-5D67-4675-BE08-4C49C210716E}"
EndProject
Project("{FAE04EC0-301F-11D3-BF4B-00C04F79EFBC}") = "HardwareFingerprint", "HardwareFingerprint\HardwareFingerprint.csproj", "{51306562-B699-4DD2-ABB6-F2A122E77F6D}"
EndProject
Project("{FAE04EC0-301F-11D3-BF4B-00C04F79EFBC}") = "LicenseHandler", "LicenseHandler\LicenseHandler.csproj", "{74CD4824-1B49-46A8-B2EC-D36ABB46B240}"
EndProject
Project("{FAE04EC0-301F-11D3-BF4B-00C04F79EFBC}") = "FossLock.Core", "FossLock.Core\FossLock.Core.csproj", "{FC4A93E1-337C-45E0-9E62-DA00BB95845F}"
EndProject
Project("{FAE04EC0-301F-11D3-BF4B-00C04F79EFBC}") = "FossLock.Model", "FossLock.Model\FossLock.Model.csproj", "{FCED1C46-7658-4F58-B5DF-D7881B768FC4}"
EndProject
Project("{FAE04EC0-301F-11D3-BF4B-00C04F79EFBC}") = "FossLock.Web", "FossLock.Web\FossLock.Web.csproj", "{0B6FD755-5ACA-40AB-9142-B75FE9428874}"
EndProject
Global
	GlobalSection(SolutionConfigurationPlatforms) = preSolution
		Debug|Any CPU = Debug|Any CPU
		Debug|Mixed Platforms = Debug|Mixed Platforms
		Debug|x86 = Debug|x86
		Release|Any CPU = Release|Any CPU
		Release|Mixed Platforms = Release|Mixed Platforms
		Release|x86 = Release|x86
	EndGlobalSection
	GlobalSection(ProjectConfigurationPlatforms) = postSolution
		{174EBCA3-5D67-4675-BE08-4C49C210716E}.Debug|Any CPU.ActiveCfg = Debug|Any CPU
		{174EBCA3-5D67-4675-BE08-4C49C210716E}.Debug|Any CPU.Build.0 = Debug|Any CPU
		{174EBCA3-5D67-4675-BE08-4C49C210716E}.Debug|Mixed Platforms.ActiveCfg = Debug|Any CPU
		{174EBCA3-5D67-4675-BE08-4C49C210716E}.Debug|Mixed Platforms.Build.0 = Debug|Any CPU
		{174EBCA3-5D67-4675-BE08-4C49C210716E}.Debug|x86.ActiveCfg = Debug|Any CPU
		{174EBCA3-5D67-4675-BE08-4C49C210716E}.Release|Any CPU.ActiveCfg = Release|Any CPU
		{174EBCA3-5D67-4675-BE08-4C49C210716E}.Release|Any CPU.Build.0 = Release|Any CPU
		{174EBCA3-5D67-4675-BE08-4C49C210716E}.Release|Mixed Platforms.ActiveCfg = Release|Any CPU
		{174EBCA3-5D67-4675-BE08-4C49C210716E}.Release|Mixed Platforms.Build.0 = Release|Any CPU
		{174EBCA3-5D67-4675-BE08-4C49C210716E}.Release|x86.ActiveCfg = Release|Any CPU
		{51306562-B699-4DD2-ABB6-F2A122E77F6D}.Debug|Any CPU.ActiveCfg = Debug|Any CPU
		{51306562-B699-4DD2-ABB6-F2A122E77F6D}.Debug|Any CPU.Build.0 = Debug|Any CPU
		{51306562-B699-4DD2-ABB6-F2A122E77F6D}.Debug|Mixed Platforms.ActiveCfg = Debug|Any CPU
		{51306562-B699-4DD2-ABB6-F2A122E77F6D}.Debug|Mixed Platforms.Build.0 = Debug|Any CPU
		{51306562-B699-4DD2-ABB6-F2A122E77F6D}.Debug|x86.ActiveCfg = Debug|Any CPU
		{51306562-B699-4DD2-ABB6-F2A122E77F6D}.Release|Any CPU.ActiveCfg = Release|Any CPU
		{51306562-B699-4DD2-ABB6-F2A122E77F6D}.Release|Any CPU.Build.0 = Release|Any CPU
		{51306562-B699-4DD2-ABB6-F2A122E77F6D}.Release|Mixed Platforms.ActiveCfg = Release|Any CPU
		{51306562-B699-4DD2-ABB6-F2A122E77F6D}.Release|Mixed Platforms.Build.0 = Release|Any CPU
		{51306562-B699-4DD2-ABB6-F2A122E77F6D}.Release|x86.ActiveCfg = Release|Any CPU
		{74CD4824-1B49-46A8-B2EC-D36ABB46B240}.Debug|Any CPU.ActiveCfg = Debug|Any CPU
		{74CD4824-1B49-46A8-B2EC-D36ABB46B240}.Debug|Any CPU.Build.0 = Debug|Any CPU
		{74CD4824-1B49-46A8-B2EC-D36ABB46B240}.Debug|Mixed Platforms.ActiveCfg = Debug|Any CPU
		{74CD4824-1B49-46A8-B2EC-D36ABB46B240}.Debug|Mixed Platforms.Build.0 = Debug|Any CPU
		{74CD4824-1B49-46A8-B2EC-D36ABB46B240}.Debug|x86.ActiveCfg = Debug|Any CPU
		{74CD4824-1B49-46A8-B2EC-D36ABB46B240}.Release|Any CPU.ActiveCfg = Release|Any CPU
		{74CD4824-1B49-46A8-B2EC-D36ABB46B240}.Release|Any CPU.Build.0 = Release|Any CPU
		{74CD4824-1B49-46A8-B2EC-D36ABB46B240}.Release|Mixed Platforms.ActiveCfg = Release|Any CPU
		{74CD4824-1B49-46A8-B2EC-D36ABB46B240}.Release|Mixed Platforms.Build.0 = Release|Any CPU
		{74CD4824-1B49-46A8-B2EC-D36ABB46B240}.Release|x86.ActiveCfg = Release|Any CPU
		{FC4A93E1-337C-45E0-9E62-DA00BB95845F}.Debug|Any CPU.ActiveCfg = Debug|x86
		{FC4A93E1-337C-45E0-9E62-DA00BB95845F}.Debug|Any CPU.Build.0 = Debug|x86
		{FC4A93E1-337C-45E0-9E62-DA00BB95845F}.Debug|Mixed Platforms.ActiveCfg = Debug|x86
		{FC4A93E1-337C-45E0-9E62-DA00BB95845F}.Debug|Mixed Platforms.Build.0 = Debug|x86
		{FC4A93E1-337C-45E0-9E62-DA00BB95845F}.Debug|x86.ActiveCfg = Debug|x86
		{FC4A93E1-337C-45E0-9E62-DA00BB95845F}.Debug|x86.Build.0 = Debug|x86
		{FC4A93E1-337C-45E0-9E62-DA00BB95845F}.Release|Any CPU.ActiveCfg = Release|x86
		{FC4A93E1-337C-45E0-9E62-DA00BB95845F}.Release|Any CPU.Build.0 = Release|x86
		{FC4A93E1-337C-45E0-9E62-DA00BB95845F}.Release|Mixed Platforms.ActiveCfg = Release|x86
		{FC4A93E1-337C-45E0-9E62-DA00BB95845F}.Release|Mixed Platforms.Build.0 = Release|x86
		{FC4A93E1-337C-45E0-9E62-DA00BB95845F}.Release|x86.ActiveCfg = Release|x86
		{FC4A93E1-337C-45E0-9E62-DA00BB95845F}.Release|x86.Build.0 = Release|x86
		{FCED1C46-7658-4F58-B5DF-D7881B768FC4}.Debug|Any CPU.ActiveCfg = Debug|Any CPU
		{FCED1C46-7658-4F58-B5DF-D7881B768FC4}.Debug|Any CPU.Build.0 = Debug|Any CPU
		{FCED1C46-7658-4F58-B5DF-D7881B768FC4}.Debug|Mixed Platforms.ActiveCfg = Debug|Any CPU
		{FCED1C46-7658-4F58-B5DF-D7881B768FC4}.Debug|Mixed Platforms.Build.0 = Debug|Any CPU
		{FCED1C46-7658-4F58-B5DF-D7881B768FC4}.Debug|x86.ActiveCfg = Debug|Any CPU
		{FCED1C46-7658-4F58-B5DF-D7881B768FC4}.Release|Any CPU.ActiveCfg = Release|Any CPU
		{FCED1C46-7658-4F58-B5DF-D7881B768FC4}.Release|Any CPU.Build.0 = Release|Any CPU
		{FCED1C46-7658-4F58-B5DF-D7881B768FC4}.Release|Mixed Platforms.ActiveCfg = Release|Any CPU
		{FCED1C46-7658-4F58-B5DF-D7881B768FC4}.Release|Mixed Platforms.Build.0 = Release|Any CPU
		{FCED1C46-7658-4F58-B5DF-D7881B768FC4}.Release|x86.ActiveCfg = Release|Any CPU
		{0B6FD755-5ACA-40AB-9142-B75FE9428874}.Debug|Any CPU.ActiveCfg = Debug|Any CPU
		{0B6FD755-5ACA-40AB-9142-B75FE9428874}.Debug|Any CPU.Build.0 = Debug|Any CPU
		{0B6FD755-5ACA-40AB-9142-B75FE9428874}.Debug|Mixed Platforms.ActiveCfg = Debug|Any CPU
		{0B6FD755-5ACA-40AB-9142-B75FE9428874}.Debug|Mixed Platforms.Build.0 = Debug|Any CPU
		{0B6FD755-5ACA-40AB-9142-B75FE9428874}.Debug|x86.ActiveCfg = Debug|Any CPU
		{0B6FD755-5ACA-40AB-9142-B75FE9428874}.Release|Any CPU.ActiveCfg = Release|Any CPU
		{0B6FD755-5ACA-40AB-9142-B75FE9428874}.Release|Any CPU.Build.0 = Release|Any CPU
		{0B6FD755-5ACA-40AB-9142-B75FE9428874}.Release|Mixed Platforms.ActiveCfg = Release|Any CPU
		{0B6FD755-5ACA-40AB-9142-B75FE9428874}.Release|Mixed Platforms.Build.0 = Release|Any CPU
		{0B6FD755-5ACA-40AB-9142-B75FE9428874}.Release|x86.ActiveCfg = Release|Any CPU
	EndGlobalSection
	GlobalSection(SolutionProperties) = preSolution
		HideSolutionNode = FALSE
	EndGlobalSection
	GlobalSection(MonoDevelopProperties) = preSolution
		StartupItem = FossLock\FossLock.csproj
		Policies = $0
		$0.DotNetNamingPolicy = $1
		$1.DirectoryNamespaceAssociation = None
		$1.ResourceNamePolicy = FileFormatDefault
		$0.TextStylePolicy = $2
		$2.inheritsSet = null
		$2.scope = text/x-csharp
		$0.CSharpFormattingPolicy = $3
		$3.IndentSwitchBody = True
		$3.AnonymousMethodBraceStyle = NextLine
		$3.PropertyBraceStyle = NextLine
		$3.PropertyGetBraceStyle = NextLine
		$3.PropertySetBraceStyle = NextLine
		$3.EventBraceStyle = NextLine
		$3.EventAddBraceStyle = NextLine
		$3.EventRemoveBraceStyle = NextLine
		$3.StatementBraceStyle = NextLine
		$3.inheritsSet = Mono
		$3.inheritsScope = text/x-csharp
		$3.scope = text/x-csharp
		$0.VersionControlPolicy = $4
		$4.inheritsSet = Mono
		$0.ChangeLogPolicy = $5
		$5.inheritsSet = Mono
	EndGlobalSection
EndGlobal
